{
  "manifests": {
    "pdd-failure-classification.10x.json": "d7ddcf2cda43a13dbf73822cf3a723fe714160c3b8f0f16da60c4f17ea0ca02f",
    "pdd-failure-classification.1x.json": "212447d250194742263f56942d682cb3a276b0615e21ae30ae9b2bc335789b38",
    "pdd-failure-classification.20x.json": "7c2706e2c63b488bfc58a6fac2d0041df112a0f6265747287af8bfe928a94026",
    "pdd-failure-classification.2x.json": "af6c00c7c394fe01b45daa4ff539ace8a2f703c5f43f038f29055811b30dad96",
    "pdd-failure-classification.50x.json": "f81c3ac6a3e2a76f7e83407d0ef22ad79bfc9b90bcb639969490894471c00121",
    "pdd-failure-classification.5x.json": "32bd4db1a007f388e3cb739d066b27384705be3557ab54798f05ddecc8ceb2f7"
  },
  "schema_version": 1
}
