{
  "manifests": {
    "pdd-find-section.10x.json": "6641e795f78e2d37ca59b27c71bb77a1a88f6179352f14effb616182ec107198",
    "pdd-find-section.1x.json": "c8e30e0f6d698d48131d454f4b1dd49708ccb9e8bb723a640154bdb526f605c1",
    "pdd-find-section.20x.json": "3b1107bb7823dbfc95e507817d3de523ea7e5cf601e142b8e0b1b3698badd040",
    "pdd-find-section.2x.json": "1ae458b0dd6e10d702fb227bf8bf739a4063433f8a3ceeb685bf0954cd00e4eb",
    "pdd-find-section.50x.json": "366100a98d1a6076680bdd57fd97454bc2e18d1734724f5d30202c7367941cbc",
    "pdd-find-section.5x.json": "e296132099650147e4747f39883cad43091e500a48a0f5b653f50c45c6b4e613"
  },
  "schema_version": 1
}
